# THIS IS AN AUTOGENERATED FILE. DO NOT EDIT THIS FILE DIRECTLY.
# yarn lockfile v1


echarts-for-react@^2.0.16:
  version "2.0.16"
  resolved "https://registry.yarnpkg.com/echarts-for-react/-/echarts-for-react-2.0.16.tgz#8134a53dff90882c1e6a95c45ceab21e00f6c9f5"
  integrity sha512-VmHCktay2qKt/+wpL/C7thbvIa7dYBEey0/U4Zaqo+qeA4wx+uiCd5NeCsPIhD/0Pv+2qqNswqiNiUCtcgccOw==
  dependencies:
    fast-deep-equal "^2.0.1"
    size-sensor "^1.0.0"

echarts@^4.9.0:
  version "4.9.0"
  resolved "https://registry.yarnpkg.com/echarts/-/echarts-4.9.0.tgz#a9b9baa03f03a2a731e6340c55befb57a9e1347d"
  integrity sha512-+ugizgtJ+KmsJyyDPxaw2Br5FqzuBnyOWwcxPKO6y0gc5caYcfnEUIlNStx02necw8jmKmTafmpHhGo4XDtEIA==
  dependencies:
    zrender "4.3.2"

fast-deep-equal@^2.0.1:
  version "2.0.1"
  resolved "https://registry.yarnpkg.com/fast-deep-equal/-/fast-deep-equal-2.0.1.tgz#7b05218ddf9667bf7f370bf7fdb2cb15fdd0aa49"
  integrity sha1-ewUhjd+WZ79/Nwv3/bLLFf3Qqkk=

size-sensor@^1.0.0:
  version "1.0.1"
  resolved "https://registry.yarnpkg.com/size-sensor/-/size-sensor-1.0.1.tgz#f84e46206d3e259faff1d548e4b3beca93219dbb"
  integrity sha512-QTy7MnuugCFXIedXRpUSk9gUnyNiaxIdxGfUjr8xxXOqIB3QvBUYP9+b51oCg2C4dnhaeNk/h57TxjbvoJrJUA==

zrender@4.3.2:
  version "4.3.2"
  resolved "https://registry.yarnpkg.com/zrender/-/zrender-4.3.2.tgz#ec7432f9415c82c73584b6b7b8c47e1b016209c6"
  integrity sha512-bIusJLS8c4DkIcdiK+s13HiQ/zjQQVgpNohtd8d94Y2DnJqgM1yjh/jpDb8DoL6hd7r8Awagw8e3qK/oLaWr3g==
